
Microsoft Visual Studio Solution File, Format Version 12.00
# Visual Studio 15
VisualStudioVersion = 15.0.27130.2020
MinimumVisualStudioVersion = 10.0.40219.1
Project("{FAE04EC0-301F-11D3-BF4B-00C04F79EFBC}") = "CoinGazuaa.Android", "CoinGazuaa\CoinGazuaa.Android\CoinGazuaa.Android.csproj", "{BBBDF46F-3718-40F0-AA34-34ECC03EB8FB}"
EndProject
Project("{FAE04EC0-301F-11D3-BF4B-00C04F79EFBC}") = "CoinGazuaa.iOS", "CoinGazuaa\CoinGazuaa.iOS\CoinGazuaa.iOS.csproj", "{FA6B5448-CA12-425F-8B67-FE144411E9C6}"
EndProject
Project("{FAE04EC0-301F-11D3-BF4B-00C04F79EFBC}") = "CoinGazuaa.UWP", "CoinGazuaa\CoinGazuaa.UWP\CoinGazuaa.UWP.csproj", "{BFBCECAC-A148-4B14-A02C-B3387B6520EA}"
EndProject
Project("{D954291E-2A0B-460D-934E-DC6B0785DB48}") = "CoinGazuaa", "CoinGazuaa\CoinGazuaa\CoinGazuaa.shproj", "{37832039-9FA0-4007-9446-0063FC5D900E}"
EndProject
Global
	GlobalSection(SharedMSBuildProjectFiles) = preSolution
		CoinGazuaa\CoinGazuaa\CoinGazuaa.projitems*{37832039-9fa0-4007-9446-0063fc5d900e}*SharedItemsImports = 13
		CoinGazuaa\CoinGazuaa\CoinGazuaa.projitems*{bbbdf46f-3718-40f0-aa34-34ecc03eb8fb}*SharedItemsImports = 4
		CoinGazuaa\CoinGazuaa\CoinGazuaa.projitems*{bfbcecac-a148-4b14-a02c-b3387b6520ea}*SharedItemsImports = 4
		CoinGazuaa\CoinGazuaa\CoinGazuaa.projitems*{fa6b5448-ca12-425f-8b67-fe144411e9c6}*SharedItemsImports = 4
	EndGlobalSection
	GlobalSection(SolutionConfigurationPlatforms) = preSolution
		Ad-Hoc|Any CPU = Ad-Hoc|Any CPU
		Ad-Hoc|ARM = Ad-Hoc|ARM
		Ad-Hoc|iPhone = Ad-Hoc|iPhone
		Ad-Hoc|iPhoneSimulator = Ad-Hoc|iPhoneSimulator
		Ad-Hoc|x64 = Ad-Hoc|x64
		Ad-Hoc|x86 = Ad-Hoc|x86
		AppStore|Any CPU = AppStore|Any CPU
		AppStore|ARM = AppStore|ARM
		AppStore|iPhone = AppStore|iPhone
		AppStore|iPhoneSimulator = AppStore|iPhoneSimulator
		AppStore|x64 = AppStore|x64
		AppStore|x86 = AppStore|x86
		Debug|Any CPU = Debug|Any CPU
		Debug|ARM = Debug|ARM
		Debug|iPhone = Debug|iPhone
		Debug|iPhoneSimulator = Debug|iPhoneSimulator
		Debug|x64 = Debug|x64
		Debug|x86 = Debug|x86
		Release|Any CPU = Release|Any CPU
		Release|ARM = Release|ARM
		Release|iPhone = Release|iPhone
		Release|iPhoneSimulator = Release|iPhoneSimulator
		Release|x64 = Release|x64
		Release|x86 = Release|x86
	EndGlobalSection
	GlobalSection(ProjectConfigurationPlatforms) = postSolution
		{BBBDF46F-3718-40F0-AA34-34ECC03EB8FB}.Ad-Hoc|Any CPU.ActiveCfg = Release|Any CPU
		{BBBDF46F-3718-40F0-AA34-34ECC03EB8FB}.Ad-Hoc|Any CPU.Build.0 = Release|Any CPU
		{BBBDF46F-3718-40F0-AA34-34ECC03EB8FB}.Ad-Hoc|Any CPU.Deploy.0 = Release|Any CPU
		{BBBDF46F-3718-40F0-AA34-34ECC03EB8FB}.Ad-Hoc|ARM.ActiveCfg = Release|Any CPU
		{BBBDF46F-3718-40F0-AA34-34ECC03EB8FB}.Ad-Hoc|ARM.Build.0 = Release|Any CPU
		{BBBDF46F-3718-40F0-AA34-34ECC03EB8FB}.Ad-Hoc|ARM.Deploy.0 = Release|Any CPU
		{BBBDF46F-3718-40F0-AA34-34ECC03EB8FB}.Ad-Hoc|iPhone.ActiveCfg = Release|Any CPU
		{BBBDF46F-3718-40F0-AA34-34ECC03EB8FB}.Ad-Hoc|iPhone.Build.0 = Release|Any CPU
		{BBBDF46F-3718-40F0-AA34-34ECC03EB8FB}.Ad-Hoc|iPhone.Deploy.0 = Release|Any CPU
		{BBBDF46F-3718-40F0-AA34-34ECC03EB8FB}.Ad-Hoc|iPhoneSimulator.ActiveCfg = Release|Any CPU
		{BBBDF46F-3718-40F0-AA34-34ECC03EB8FB}.Ad-Hoc|iPhoneSimulator.Build.0 = Release|Any CPU
		{BBBDF46F-3718-40F0-AA34-34ECC03EB8FB}.Ad-Hoc|iPhoneSimulator.Deploy.0 = Release|Any CPU
		{BBBDF46F-3718-40F0-AA34-34ECC03EB8FB}.Ad-Hoc|x64.ActiveCfg = Release|Any CPU
		{BBBDF46F-3718-40F0-AA34-34ECC03EB8FB}.Ad-Hoc|x64.Build.0 = Release|Any CPU
		{BBBDF46F-3718-40F0-AA34-34ECC03EB8FB}.Ad-Hoc|x64.Deploy.0 = Release|Any CPU
		{BBBDF46F-3718-40F0-AA34-34ECC03EB8FB}.Ad-Hoc|x86.ActiveCfg = Release|Any CPU
		{BBBDF46F-3718-40F0-AA34-34ECC03EB8FB}.Ad-Hoc|x86.Build.0 = Release|Any CPU
		{BBBDF46F-3718-40F0-AA34-34ECC03EB8FB}.Ad-Hoc|x86.Deploy.0 = Release|Any CPU
		{BBBDF46F-3718-40F0-AA34-34ECC03EB8FB}.AppStore|Any CPU.ActiveCfg = Release|Any CPU
		{BBBDF46F-3718-40F0-AA34-34ECC03EB8FB}.AppStore|Any CPU.Build.0 = Release|Any CPU
		{BBBDF46F-3718-40F0-AA34-34ECC03EB8FB}.AppStore|Any CPU.Deploy.0 = Release|Any CPU
		{BBBDF46F-3718-40F0-AA34-34ECC03EB8FB}.AppStore|ARM.ActiveCfg = Release|Any CPU
		{BBBDF46F-3718-40F0-AA34-34ECC03EB8FB}.AppStore|ARM.Build.0 = Release|Any CPU
		{BBBDF46F-3718-40F0-AA34-34ECC03EB8FB}.AppStore|ARM.Deploy.0 = Release|Any CPU
		{BBBDF46F-3718-40F0-AA34-34ECC03EB8FB}.AppStore|iPhone.ActiveCfg = Release|Any CPU
		{BBBDF46F-3718-40F0-AA34-34ECC03EB8FB}.AppStore|iPhone.Build.0 = Release|Any CPU
		{BBBDF46F-3718-40F0-AA34-34ECC03EB8FB}.AppStore|iPhone.Deploy.0 = Release|Any CPU
		{BBBDF46F-3718-40F0-AA34-34ECC03EB8FB}.AppStore|iPhoneSimulator.ActiveCfg = Release|Any CPU
		{BBBDF46F-3718-40F0-AA34-34ECC03EB8FB}.AppStore|iPhoneSimulator.Build.0 = Release|Any CPU
		{BBBDF46F-3718-40F0-AA34-34ECC03EB8FB}.AppStore|iPhoneSimulator.Deploy.0 = Release|Any CPU
		{BBBDF46F-3718-40F0-AA34-34ECC03EB8FB}.AppStore|x64.ActiveCfg = Release|Any CPU
		{BBBDF46F-3718-40F0-AA34-34ECC03EB8FB}.AppStore|x64.Build.0 = Release|Any CPU
		{BBBDF46F-3718-40F0-AA34-34ECC03EB8FB}.AppStore|x64.Deploy.0 = Release|Any CPU
		{BBBDF46F-3718-40F0-AA34-34ECC03EB8FB}.AppStore|x86.ActiveCfg = Release|Any CPU
		{BBBDF46F-3718-40F0-AA34-34ECC03EB8FB}.AppStore|x86.Build.0 = Release|Any CPU
		{BBBDF46F-3718-40F0-AA34-34ECC03EB8FB}.AppStore|x86.Deploy.0 = Release|Any CPU
		{BBBDF46F-3718-40F0-AA34-34ECC03EB8FB}.Debug|Any CPU.ActiveCfg = Debug|Any CPU
		{BBBDF46F-3718-40F0-AA34-34ECC03EB8FB}.Debug|Any CPU.Build.0 = Debug|Any CPU
		{BBBDF46F-3718-40F0-AA34-34ECC03EB8FB}.Debug|Any CPU.Deploy.0 = Debug|Any CPU
		{BBBDF46F-3718-40F0-AA34-34ECC03EB8FB}.Debug|ARM.ActiveCfg = Debug|Any CPU
		{BBBDF46F-3718-40F0-AA34-34ECC03EB8FB}.Debug|ARM.Build.0 = Debug|Any CPU
		{BBBDF46F-3718-40F0-AA34-34ECC03EB8FB}.Debug|ARM.Deploy.0 = Debug|Any CPU
		{BBBDF46F-3718-40F0-AA34-34ECC03EB8FB}.Debug|iPhone.ActiveCfg = Debug|Any CPU
		{BBBDF46F-3718-40F0-AA34-34ECC03EB8FB}.Debug|iPhone.Build.0 = Debug|Any CPU
		{BBBDF46F-3718-40F0-AA34-34ECC03EB8FB}.Debug|iPhone.Deploy.0 = Debug|Any CPU
		{BBBDF46F-3718-40F0-AA34-34ECC03EB8FB}.Debug|iPhoneSimulator.ActiveCfg = Debug|Any CPU
		{BBBDF46F-3718-40F0-AA34-34ECC03EB8FB}.Debug|iPhoneSimulator.Build.0 = Debug|Any CPU
		{BBBDF46F-3718-40F0-AA34-34ECC03EB8FB}.Debug|iPhoneSimulator.Deploy.0 = Debug|Any CPU
		{BBBDF46F-3718-40F0-AA34-34ECC03EB8FB}.Debug|x64.ActiveCfg = Debug|Any CPU
		{BBBDF46F-3718-40F0-AA34-34ECC03EB8FB}.Debug|x64.Build.0 = Debug|Any CPU
		{BBBDF46F-3718-40F0-AA34-34ECC03EB8FB}.Debug|x64.Deploy.0 = Debug|Any CPU
		{BBBDF46F-3718-40F0-AA34-34ECC03EB8FB}.Debug|x86.ActiveCfg = Debug|Any CPU
		{BBBDF46F-3718-40F0-AA34-34ECC03EB8FB}.Debug|x86.Build.0 = Debug|Any CPU
		{BBBDF46F-3718-40F0-AA34-34ECC03EB8FB}.Debug|x86.Deploy.0 = Debug|Any CPU
		{BBBDF46F-3718-40F0-AA34-34ECC03EB8FB}.Release|Any CPU.ActiveCfg = Release|Any CPU
		{BBBDF46F-3718-40F0-AA34-34ECC03EB8FB}.Release|Any CPU.Build.0 = Release|Any CPU
		{BBBDF46F-3718-40F0-AA34-34ECC03EB8FB}.Release|Any CPU.Deploy.0 = Release|Any CPU
		{BBBDF46F-3718-40F0-AA34-34ECC03EB8FB}.Release|ARM.ActiveCfg = Release|Any CPU
		{BBBDF46F-3718-40F0-AA34-34ECC03EB8FB}.Release|ARM.Build.0 = Release|Any CPU
		{BBBDF46F-3718-40F0-AA34-34ECC03EB8FB}.Release|ARM.Deploy.0 = Release|Any CPU
		{BBBDF46F-3718-40F0-AA34-34ECC03EB8FB}.Release|iPhone.ActiveCfg = Release|Any CPU
		{BBBDF46F-3718-40F0-AA34-34ECC03EB8FB}.Release|iPhone.Build.0 = Release|Any CPU
		{BBBDF46F-3718-40F0-AA34-34ECC03EB8FB}.Release|iPhone.Deploy.0 = Release|Any CPU
		{BBBDF46F-3718-40F0-AA34-34ECC03EB8FB}.Release|iPhoneSimulator.ActiveCfg = Release|Any CPU
		{BBBDF46F-3718-40F0-AA34-34ECC03EB8FB}.Release|iPhoneSimulator.Build.0 = Release|Any CPU
		{BBBDF46F-3718-40F0-AA34-34ECC03EB8FB}.Release|iPhoneSimulator.Deploy.0 = Release|Any CPU
		{BBBDF46F-3718-40F0-AA34-34ECC03EB8FB}.Release|x64.ActiveCfg = Release|Any CPU
		{BBBDF46F-3718-40F0-AA34-34ECC03EB8FB}.Release|x64.Build.0 = Release|Any CPU
		{BBBDF46F-3718-40F0-AA34-34ECC03EB8FB}.Release|x64.Deploy.0 = Release|Any CPU
		{BBBDF46F-3718-40F0-AA34-34ECC03EB8FB}.Release|x86.ActiveCfg = Release|Any CPU
		{BBBDF46F-3718-40F0-AA34-34ECC03EB8FB}.Release|x86.Build.0 = Release|Any CPU
		{BBBDF46F-3718-40F0-AA34-34ECC03EB8FB}.Release|x86.Deploy.0 = Release|Any CPU
		{FA6B5448-CA12-425F-8B67-FE144411E9C6}.Ad-Hoc|Any CPU.ActiveCfg = Ad-Hoc|iPhone
		{FA6B5448-CA12-425F-8B67-FE144411E9C6}.Ad-Hoc|ARM.ActiveCfg = Ad-Hoc|iPhone
		{FA6B5448-CA12-425F-8B67-FE144411E9C6}.Ad-Hoc|iPhone.ActiveCfg = Ad-Hoc|iPhone
		{FA6B5448-CA12-425F-8B67-FE144411E9C6}.Ad-Hoc|iPhone.Build.0 = Ad-Hoc|iPhone
		{FA6B5448-CA12-425F-8B67-FE144411E9C6}.Ad-Hoc|iPhoneSimulator.ActiveCfg = Ad-Hoc|iPhoneSimulator
		{FA6B5448-CA12-425F-8B67-FE144411E9C6}.Ad-Hoc|iPhoneSimulator.Build.0 = Ad-Hoc|iPhoneSimulator
		{FA6B5448-CA12-425F-8B67-FE144411E9C6}.Ad-Hoc|x64.ActiveCfg = Ad-Hoc|iPhone
		{FA6B5448-CA12-425F-8B67-FE144411E9C6}.Ad-Hoc|x86.ActiveCfg = Ad-Hoc|iPhone
		{FA6B5448-CA12-425F-8B67-FE144411E9C6}.AppStore|Any CPU.ActiveCfg = AppStore|iPhone
		{FA6B5448-CA12-425F-8B67-FE144411E9C6}.AppStore|ARM.ActiveCfg = AppStore|iPhone
		{FA6B5448-CA12-425F-8B67-FE144411E9C6}.AppStore|iPhone.ActiveCfg = AppStore|iPhone
		{FA6B5448-CA12-425F-8B67-FE144411E9C6}.AppStore|iPhone.Build.0 = AppStore|iPhone
		{FA6B5448-CA12-425F-8B67-FE144411E9C6}.AppStore|iPhoneSimulator.ActiveCfg = AppStore|iPhoneSimulator
		{FA6B5448-CA12-425F-8B67-FE144411E9C6}.AppStore|iPhoneSimulator.Build.0 = AppStore|iPhoneSimulator
		{FA6B5448-CA12-425F-8B67-FE144411E9C6}.AppStore|x64.ActiveCfg = AppStore|iPhone
		{FA6B5448-CA12-425F-8B67-FE144411E9C6}.AppStore|x86.ActiveCfg = AppStore|iPhone
		{FA6B5448-CA12-425F-8B67-FE144411E9C6}.Debug|Any CPU.ActiveCfg = Debug|iPhone
		{FA6B5448-CA12-425F-8B67-FE144411E9C6}.Debug|ARM.ActiveCfg = Debug|iPhone
		{FA6B5448-CA12-425F-8B67-FE144411E9C6}.Debug|iPhone.ActiveCfg = Debug|iPhone
		{FA6B5448-CA12-425F-8B67-FE144411E9C6}.Debug|iPhone.Build.0 = Debug|iPhone
		{FA6B5448-CA12-425F-8B67-FE144411E9C6}.Debug|iPhoneSimulator.ActiveCfg = Debug|iPhoneSimulator
		{FA6B5448-CA12-425F-8B67-FE144411E9C6}.Debug|iPhoneSimulator.Build.0 = Debug|iPhoneSimulator
		{FA6B5448-CA12-425F-8B67-FE144411E9C6}.Debug|x64.ActiveCfg = Debug|iPhone
		{FA6B5448-CA12-425F-8B67-FE144411E9C6}.Debug|x86.ActiveCfg = Debug|iPhone
		{FA6B5448-CA12-425F-8B67-FE144411E9C6}.Release|Any CPU.ActiveCfg = Release|iPhone
		{FA6B5448-CA12-425F-8B67-FE144411E9C6}.Release|ARM.ActiveCfg = Release|iPhone
		{FA6B5448-CA12-425F-8B67-FE144411E9C6}.Release|iPhone.ActiveCfg = Release|iPhone
		{FA6B5448-CA12-425F-8B67-FE144411E9C6}.Release|iPhone.Build.0 = Release|iPhone
		{FA6B5448-CA12-425F-8B67-FE144411E9C6}.Release|iPhoneSimulator.ActiveCfg = Release|iPhoneSimulator
		{FA6B5448-CA12-425F-8B67-FE144411E9C6}.Release|iPhoneSimulator.Build.0 = Release|iPhoneSimulator
		{FA6B5448-CA12-425F-8B67-FE144411E9C6}.Release|x64.ActiveCfg = Release|iPhone
		{FA6B5448-CA12-425F-8B67-FE144411E9C6}.Release|x86.ActiveCfg = Release|iPhone
		{BFBCECAC-A148-4B14-A02C-B3387B6520EA}.Ad-Hoc|Any CPU.ActiveCfg = Release|x86
		{BFBCECAC-A148-4B14-A02C-B3387B6520EA}.Ad-Hoc|Any CPU.Build.0 = Release|x86
		{BFBCECAC-A148-4B14-A02C-B3387B6520EA}.Ad-Hoc|Any CPU.Deploy.0 = Release|x86
		{BFBCECAC-A148-4B14-A02C-B3387B6520EA}.Ad-Hoc|ARM.ActiveCfg = Release|ARM
		{BFBCECAC-A148-4B14-A02C-B3387B6520EA}.Ad-Hoc|ARM.Build.0 = Release|ARM
		{BFBCECAC-A148-4B14-A02C-B3387B6520EA}.Ad-Hoc|ARM.Deploy.0 = Release|ARM
		{BFBCECAC-A148-4B14-A02C-B3387B6520EA}.Ad-Hoc|iPhone.ActiveCfg = Release|x86
		{BFBCECAC-A148-4B14-A02C-B3387B6520EA}.Ad-Hoc|iPhone.Build.0 = Release|x86
		{BFBCECAC-A148-4B14-A02C-B3387B6520EA}.Ad-Hoc|iPhone.Deploy.0 = Release|x86
		{BFBCECAC-A148-4B14-A02C-B3387B6520EA}.Ad-Hoc|iPhoneSimulator.ActiveCfg = Release|x86
		{BFBCECAC-A148-4B14-A02C-B3387B6520EA}.Ad-Hoc|iPhoneSimulator.Build.0 = Release|x86
		{BFBCECAC-A148-4B14-A02C-B3387B6520EA}.Ad-Hoc|iPhoneSimulator.Deploy.0 = Release|x86
		{BFBCECAC-A148-4B14-A02C-B3387B6520EA}.Ad-Hoc|x64.ActiveCfg = Release|x64
		{BFBCECAC-A148-4B14-A02C-B3387B6520EA}.Ad-Hoc|x64.Build.0 = Release|x64
		{BFBCECAC-A148-4B14-A02C-B3387B6520EA}.Ad-Hoc|x64.Deploy.0 = Release|x64
		{BFBCECAC-A148-4B14-A02C-B3387B6520EA}.Ad-Hoc|x86.ActiveCfg = Release|x86
		{BFBCECAC-A148-4B14-A02C-B3387B6520EA}.Ad-Hoc|x86.Build.0 = Release|x86
		{BFBCECAC-A148-4B14-A02C-B3387B6520EA}.Ad-Hoc|x86.Deploy.0 = Release|x86
		{BFBCECAC-A148-4B14-A02C-B3387B6520EA}.AppStore|Any CPU.ActiveCfg = Release|x86
		{BFBCECAC-A148-4B14-A02C-B3387B6520EA}.AppStore|Any CPU.Build.0 = Release|x86
		{BFBCECAC-A148-4B14-A02C-B3387B6520EA}.AppStore|Any CPU.Deploy.0 = Release|x86
		{BFBCECAC-A148-4B14-A02C-B3387B6520EA}.AppStore|ARM.ActiveCfg = Release|ARM
		{BFBCECAC-A148-4B14-A02C-B3387B6520EA}.AppStore|ARM.Build.0 = Release|ARM
		{BFBCECAC-A148-4B14-A02C-B3387B6520EA}.AppStore|ARM.Deploy.0 = Release|ARM
		{BFBCECAC-A148-4B14-A02C-B3387B6520EA}.AppStore|iPhone.ActiveCfg = Release|x86
		{BFBCECAC-A148-4B14-A02C-B3387B6520EA}.AppStore|iPhone.Build.0 = Release|x86
		{BFBCECAC-A148-4B14-A02C-B3387B6520EA}.AppStore|iPhone.Deploy.0 = Release|x86
		{BFBCECAC-A148-4B14-A02C-B3387B6520EA}.AppStore|iPhoneSimulator.ActiveCfg = Release|x86
		{BFBCECAC-A148-4B14-A02C-B3387B6520EA}.AppStore|iPhoneSimulator.Build.0 = Release|x86
		{BFBCECAC-A148-4B14-A02C-B3387B6520EA}.AppStore|iPhoneSimulator.Deploy.0 = Release|x86
		{BFBCECAC-A148-4B14-A02C-B3387B6520EA}.AppStore|x64.ActiveCfg = Release|x64
		{BFBCECAC-A148-4B14-A02C-B3387B6520EA}.AppStore|x64.Build.0 = Release|x64
		{BFBCECAC-A148-4B14-A02C-B3387B6520EA}.AppStore|x64.Deploy.0 = Release|x64
		{BFBCECAC-A148-4B14-A02C-B3387B6520EA}.AppStore|x86.ActiveCfg = Release|x86
		{BFBCECAC-A148-4B14-A02C-B3387B6520EA}.AppStore|x86.Build.0 = Release|x86
		{BFBCECAC-A148-4B14-A02C-B3387B6520EA}.AppStore|x86.Deploy.0 = Release|x86
		{BFBCECAC-A148-4B14-A02C-B3387B6520EA}.Debug|Any CPU.ActiveCfg = Debug|x86
		{BFBCECAC-A148-4B14-A02C-B3387B6520EA}.Debug|ARM.ActiveCfg = Debug|ARM
		{BFBCECAC-A148-4B14-A02C-B3387B6520EA}.Debug|ARM.Build.0 = Debug|ARM
		{BFBCECAC-A148-4B14-A02C-B3387B6520EA}.Debug|ARM.Deploy.0 = Debug|ARM
		{BFBCECAC-A148-4B14-A02C-B3387B6520EA}.Debug|iPhone.ActiveCfg = Debug|x86
		{BFBCECAC-A148-4B14-A02C-B3387B6520EA}.Debug|iPhoneSimulator.ActiveCfg = Debug|x86
		{BFBCECAC-A148-4B14-A02C-B3387B6520EA}.Debug|x64.ActiveCfg = Debug|x64
		{BFBCECAC-A148-4B14-A02C-B3387B6520EA}.Debug|x64.Build.0 = Debug|x64
		{BFBCECAC-A148-4B14-A02C-B3387B6520EA}.Debug|x64.Deploy.0 = Debug|x64
		{BFBCECAC-A148-4B14-A02C-B3387B6520EA}.Debug|x86.ActiveCfg = Debug|x86
		{BFBCECAC-A148-4B14-A02C-B3387B6520EA}.Debug|x86.Build.0 = Debug|x86
		{BFBCECAC-A148-4B14-A02C-B3387B6520EA}.Debug|x86.Deploy.0 = Debug|x86
		{BFBCECAC-A148-4B14-A02C-B3387B6520EA}.Release|Any CPU.ActiveCfg = Release|x86
		{BFBCECAC-A148-4B14-A02C-B3387B6520EA}.Release|ARM.ActiveCfg = Release|ARM
		{BFBCECAC-A148-4B14-A02C-B3387B6520EA}.Release|ARM.Build.0 = Release|ARM
		{BFBCECAC-A148-4B14-A02C-B3387B6520EA}.Release|ARM.Deploy.0 = Release|ARM
		{BFBCECAC-A148-4B14-A02C-B3387B6520EA}.Release|iPhone.ActiveCfg = Release|x86
		{BFBCECAC-A148-4B14-A02C-B3387B6520EA}.Release|iPhoneSimulator.ActiveCfg = Release|x86
		{BFBCECAC-A148-4B14-A02C-B3387B6520EA}.Release|x64.ActiveCfg = Release|x64
		{BFBCECAC-A148-4B14-A02C-B3387B6520EA}.Release|x64.Build.0 = Release|x64
		{BFBCECAC-A148-4B14-A02C-B3387B6520EA}.Release|x64.Deploy.0 = Release|x64
		{BFBCECAC-A148-4B14-A02C-B3387B6520EA}.Release|x86.ActiveCfg = Release|x86
		{BFBCECAC-A148-4B14-A02C-B3387B6520EA}.Release|x86.Build.0 = Release|x86
		{BFBCECAC-A148-4B14-A02C-B3387B6520EA}.Release|x86.Deploy.0 = Release|x86
	EndGlobalSection
	GlobalSection(SolutionProperties) = preSolution
		HideSolutionNode = FALSE
	EndGlobalSection
	GlobalSection(ExtensibilityGlobals) = postSolution
		SolutionGuid = {F1E17479-BE83-452D-A03F-E5438CE51B94}
	EndGlobalSection
EndGlobal
